
Microsoft Visual Studio Solution File, Format Version 12.00
# Visual Studio 14
VisualStudioVersion = 14.0.25420.1
MinimumVisualStudioVersion = 10.0.40219.1
Project("{FAE04EC0-301F-11D3-BF4B-00C04F79EFBC}") = "CS_2_C", "CS_2_C\CS_2_C.csproj", "{70D5D661-B4B4-46C5-A67E-D20F1EFD36B7}"
EndProject
Project("{FAE04EC0-301F-11D3-BF4B-00C04F79EFBC}") = "LibCS2C", "LibCS2C\LibCS2C.csproj", "{12C65AF1-DF61-4105-AD57-8369A928D2E1}"
EndProject
Global
	GlobalSection(SolutionConfigurationPlatforms) = preSolution
		Debug|Any CPU = Debug|Any CPU
		Release|Any CPU = Release|Any CPU
	EndGlobalSection
	GlobalSection(ProjectConfigurationPlatforms) = postSolution
		{70D5D661-B4B4-46C5-A67E-D20F1EFD36B7}.Debug|Any CPU.ActiveCfg = Debug|Any CPU
		{70D5D661-B4B4-46C5-A67E-D20F1EFD36B7}.Debug|Any CPU.Build.0 = Debug|Any CPU
		{70D5D661-B4B4-46C5-A67E-D20F1EFD36B7}.Release|Any CPU.ActiveCfg = Release|Any CPU
		{70D5D661-B4B4-46C5-A67E-D20F1EFD36B7}.Release|Any CPU.Build.0 = Release|Any CPU
		{12C65AF1-DF61-4105-AD57-8369A928D2E1}.Debug|Any CPU.ActiveCfg = Debug|Any CPU
		{12C65AF1-DF61-4105-AD57-8369A928D2E1}.Debug|Any CPU.Build.0 = Debug|Any CPU
		{12C65AF1-DF61-4105-AD57-8369A928D2E1}.Release|Any CPU.ActiveCfg = Release|Any CPU
		{12C65AF1-DF61-4105-AD57-8369A928D2E1}.Release|Any CPU.Build.0 = Release|Any CPU
	EndGlobalSection
	GlobalSection(SolutionProperties) = preSolution
		HideSolutionNode = FALSE
	EndGlobalSection
EndGlobal
